
Microsoft Visual Studio Solution File, Format Version 12.00
# Visual Studio Version 16
VisualStudioVersion = 16.0.32901.82
MinimumVisualStudioVersion = 10.0.40219.1
Project("{FAE04EC0-301F-11D3-BF4B-00C04F79EFBC}") = "laba2", "laba2\laba2.csproj", "{37393A2E-8878-447B-9319-C31A8B3F9B50}"
EndProject
Global
	GlobalSection(SolutionConfigurationPlatforms) = preSolution
		Debug|Any CPU = Debug|Any CPU
		Release|Any CPU = Release|Any CPU
	EndGlobalSection
	GlobalSection(ProjectConfigurationPlatforms) = postSolution
		{37393A2E-8878-447B-9319-C31A8B3F9B50}.Debug|Any CPU.ActiveCfg = Debug|Any CPU
		{37393A2E-8878-447B-9319-C31A8B3F9B50}.Debug|Any CPU.Build.0 = Debug|Any CPU
		{37393A2E-8878-447B-9319-C31A8B3F9B50}.Release|Any CPU.ActiveCfg = Release|Any CPU
		{37393A2E-8878-447B-9319-C31A8B3F9B50}.Release|Any CPU.Build.0 = Release|Any CPU
	EndGlobalSection
	GlobalSection(SolutionProperties) = preSolution
		HideSolutionNode = FALSE
	EndGlobalSection
	GlobalSection(ExtensibilityGlobals) = postSolution
		SolutionGuid = {9E27560D-279E-4E1B-960C-DA598549A5DC}
	EndGlobalSection
EndGlobal
